// !$*UTF8*$!
{
	archiveVersion = 1;
	classes = {
	};
	objectVersion = 46;
	objects = {

/* Begin PBXBuildFile section */
		6A0AB0341EFFC48C0020271F /* AppDelegate.swift in Sources */ = {isa = PBXBuildFile; fileRef = 6A0AB0331EFFC48C0020271F /* AppDelegate.swift */; };
		6A0AB0361EFFC48C0020271F /* ViewController.swift in Sources */ = {isa = PBXBuildFile; fileRef = 6A0AB0351EFFC48C0020271F /* ViewController.swift */; };
		6A0AB0391EFFC48C0020271F /* Main.storyboard in Resources */ = {isa = PBXBuildFile; fileRef = 6A0AB0371EFFC48C0020271F /* Main.storyboard */; };
		6A0AB03B1EFFC48C0020271F /* Assets.xcassets in Resources */ = {isa = PBXBuildFile; fileRef = 6A0AB03A1EFFC48C0020271F /* Assets.xcassets */; };
		6A0AB03E1EFFC48C0020271F /* LaunchScreen.storyboard in Resources */ = {isa = PBXBuildFile; fileRef = 6A0AB03C1EFFC48C0020271F /* LaunchScreen.storyboard */; };
		6A0AB0491EFFC48C0020271F /* CoreSwift_CarthageTests.swift in Sources */ = {isa = PBXBuildFile; fileRef = 6A0AB0481EFFC48C0020271F /* CoreSwift_CarthageTests.swift */; };
		6A0AB0541EFFC48C0020271F /* CoreSwift_CarthageUITests.swift in Sources */ = {isa = PBXBuildFile; fileRef = 6A0AB0531EFFC48C0020271F /* CoreSwift_CarthageUITests.swift */; };
/* End PBXBuildFile section */

/* Begin PBXContainerItemProxy section */
		6A0AB0451EFFC48C0020271F /* PBXContainerItemProxy */ = {
			isa = PBXContainerItemProxy;
			containerPortal = 6A0AB0281EFFC48C0020271F /* Project object */;
			proxyType = 1;
			remoteGlobalIDString = 6A0AB02F1EFFC48C0020271F;
			remoteInfo = CoreSwift_Carthage;
		};
		6A0AB0501EFFC48C0020271F /* PBXContainerItemProxy */ = {
			isa = PBXContainerItemProxy;
			containerPortal = 6A0AB0281EFFC48C0020271F /* Project object */;
			proxyType = 1;
			remoteGlobalIDString = 6A0AB02F1EFFC48C0020271F;
			remoteInfo = CoreSwift_Carthage;
		};
/* End PBXContainerItemProxy section */

/* Begin PBXFileReference section */
		6A0AB0301EFFC48C0020271F /* CoreSwift_Carthage.app */ = {isa = PBXFileReference; explicitFileType = wrapper.application; includeInIndex = 0; path = CoreSwift_Carthage.app; sourceTree = BUILT_PRODUCTS_DIR; };
		6A0AB0331EFFC48C0020271F /* AppDelegate.swift */ = {isa = PBXFileReference; lastKnownFileType = sourcecode.swift; path = AppDelegate.swift; sourceTree = "<group>"; };
		6A0AB0351EFFC48C0020271F /* ViewController.swift */ = {isa = PBXFileReference; lastKnownFileType = sourcecode.swift; path = ViewController.swift; sourceTree = "<group>"; };
		6A0AB0381EFFC48C0020271F /* Base */ = {isa = PBXFileReference; lastKnownFileType = file.storyboard; name = Base; path = Base.lproj/Main.storyboard; sourceTree = "<group>"; };
		6A0AB03A1EFFC48C0020271F /* Assets.xcassets */ = {isa = PBXFileReference; lastKnownFileType = folder.assetcatalog; path = Assets.xcassets; sourceTree = "<group>"; };
		6A0AB03D1EFFC48C0020271F /* Base */ = {isa = PBXFileReference; lastKnownFileType = file.storyboard; name = Base; path = Base.lproj/LaunchScreen.storyboard; sourceTree = "<group>"; };
		6A0AB03F1EFFC48C0020271F /* Info.plist */ = {isa = PBXFileReference; lastKnownFileType = text.plist.xml; path = Info.plist; sourceTree = "<group>"; };
		6A0AB0441EFFC48C0020271F /* CoreSwift_CarthageTests.xctest */ = {isa = PBXFileReference; explicitFileType = wrapper.cfbundle; includeInIndex = 0; path = CoreSwift_CarthageTests.xctest; sourceTree = BUILT_PRODUCTS_DIR; };
		6A0AB0481EFFC48C0020271F /* CoreSwift_CarthageTests.swift */ = {isa = PBXFileReference; lastKnownFileType = sourcecode.swift; path = CoreSwift_CarthageTests.swift; sourceTree = "<group>"; };
		6A0AB04A1EFFC48C0020271F /* Info.plist */ = {isa = PBXFileReference; lastKnownFileType = text.plist.xml; path = Info.plist; sourceTree = "<group>"; };
		6A0AB04F1EFFC48C0020271F /* CoreSwift_CarthageUITests.xctest */ = {isa = PBXFileReference; explicitFileType = wrapper.cfbundle; includeInIndex = 0; path = CoreSwift_CarthageUITests.xctest; sourceTree = BUILT_PRODUCTS_DIR; };
		6A0AB0531EFFC48C0020271F /* CoreSwift_CarthageUITests.swift */ = {isa = PBXFileReference; lastKnownFileType = sourcecode.swift; path = CoreSwift_CarthageUITests.swift; sourceTree = "<group>"; };
		6A0AB0551EFFC48C0020271F /* Info.plist */ = {isa = PBXFileReference; lastKnownFileType = text.plist.xml; path = Info.plist; sourceTree = "<group>"; };
/* End PBXFileReference section */

/* Begin PBXFrameworksBuildPhase section */
		6A0AB02D1EFFC48C0020271F /* Frameworks */ = {
			isa = PBXFrameworksBuildPhase;
			buildActionMask = 2147483647;
			files = (
			);
			runOnlyForDeploymentPostprocessing = 0;
		};
		6A0AB0411EFFC48C0020271F /* Frameworks */ = {
			isa = PBXFrameworksBuildPhase;
			buildActionMask = 2147483647;
			files = (
			);
			runOnlyForDeploymentPostprocessing = 0;
		};
		6A0AB04C1EFFC48C0020271F /* Frameworks */ = {
			isa = PBXFrameworksBuildPhase;
			buildActionMask = 2147483647;
			files = (
			);
			runOnlyForDeploymentPostprocessing = 0;
		};
/* End PBXFrameworksBuildPhase section */

/* Begin PBXGroup section */
		6A0AB0271EFFC48C0020271F = {
			isa = PBXGroup;
			children = (
				6A0AB0321EFFC48C0020271F /* CoreSwift_Carthage */,
				6A0AB0471EFFC48C0020271F /* CoreSwift_CarthageTests */,
				6A0AB0521EFFC48C0020271F /* CoreSwift_CarthageUITests */,
				6A0AB0311EFFC48C0020271F /* Products */,
			);
			sourceTree = "<group>";
		};
		6A0AB0311EFFC48C0020271F /* Products */ = {
			isa = PBXGroup;
			children = (
				6A0AB0301EFFC48C0020271F /* CoreSwift_Carthage.app */,
				6A0AB0441EFFC48C0020271F /* CoreSwift_CarthageTests.xctest */,
				6A0AB04F1EFFC48C0020271F /* CoreSwift_CarthageUITests.xctest */,
			);
			name = Products;
			sourceTree = "<group>";
		};
		6A0AB0321EFFC48C0020271F /* CoreSwift_Carthage */ = {
			isa = PBXGroup;
			children = (
				6A0AB0331EFFC48C0020271F /* AppDelegate.swift */,
				6A0AB0351EFFC48C0020271F /* ViewController.swift */,
				6A0AB0371EFFC48C0020271F /* Main.storyboard */,
				6A0AB03A1EFFC48C0020271F /* Assets.xcassets */,
				6A0AB03C1EFFC48C0020271F /* LaunchScreen.storyboard */,
				6A0AB03F1EFFC48C0020271F /* Info.plist */,
			);
			path = CoreSwift_Carthage;
			sourceTree = "<group>";
		};
		6A0AB0471EFFC48C0020271F /* CoreSwift_CarthageTests */ = {
			isa = PBXGroup;
			children = (
				6A0AB0481EFFC48C0020271F /* CoreSwift_CarthageTests.swift */,
				6A0AB04A1EFFC48C0020271F /* Info.plist */,
			);
			path = CoreSwift_CarthageTests;
			sourceTree = "<group>";
		};
		6A0AB0521EFFC48C0020271F /* CoreSwift_CarthageUITests */ = {
			isa = PBXGroup;
			children = (
				6A0AB0531EFFC48C0020271F /* CoreSwift_CarthageUITests.swift */,
				6A0AB0551EFFC48C0020271F /* Info.plist */,
			);
			path = CoreSwift_CarthageUITests;
			sourceTree = "<group>";
		};
/* End PBXGroup section */

/* Begin PBXNativeTarget section */
		6A0AB02F1EFFC48C0020271F /* CoreSwift_Carthage */ = {
			isa = PBXNativeTarget;
			buildConfigurationList = 6A0AB0581EFFC48C0020271F /* Build configuration list for PBXNativeTarget "CoreSwift_Carthage" */;
			buildPhases = (
				6A0AB02C1EFFC48C0020271F /* Sources */,
				6A0AB02D1EFFC48C0020271F /* Frameworks */,
				6A0AB02E1EFFC48C0020271F /* Resources */,
			);
			buildRules = (
			);
			dependencies = (
			);
			name = CoreSwift_Carthage;
			productName = CoreSwift_Carthage;
			productReference = 6A0AB0301EFFC48C0020271F /* CoreSwift_Carthage.app */;
			productType = "com.apple.product-type.application";
		};
		6A0AB0431EFFC48C0020271F /* CoreSwift_CarthageTests */ = {
			isa = PBXNativeTarget;
			buildConfigurationList = 6A0AB05B1EFFC48C0020271F /* Build configuration list for PBXNativeTarget "CoreSwift_CarthageTests" */;
			buildPhases = (
				6A0AB0401EFFC48C0020271F /* Sources */,
				6A0AB0411EFFC48C0020271F /* Frameworks */,
				6A0AB0421EFFC48C0020271F /* Resources */,
			);
			buildRules = (
			);
			dependencies = (
				6A0AB0461EFFC48C0020271F /* PBXTargetDependency */,
			);
			name = CoreSwift_CarthageTests;
			productName = CoreSwift_CarthageTests;
			productReference = 6A0AB0441EFFC48C0020271F /* CoreSwift_CarthageTests.xctest */;
			productType = "com.apple.product-type.bundle.unit-test";
		};
		6A0AB04E1EFFC48C0020271F /* CoreSwift_CarthageUITests */ = {
			isa = PBXNativeTarget;
			buildConfigurationList = 6A0AB05E1EFFC48C0020271F /* Build configuration list for PBXNativeTarget "CoreSwift_CarthageUITests" */;
			buildPhases = (
				6A0AB04B1EFFC48C0020271F /* Sources */,
				6A0AB04C1EFFC48C0020271F /* Frameworks */,
				6A0AB04D1EFFC48C0020271F /* Resources */,
			);
			buildRules = (
			);
			dependencies = (
				6A0AB0511EFFC48C0020271F /* PBXTargetDependency */,
			);
			name = CoreSwift_CarthageUITests;
			productName = CoreSwift_CarthageUITests;
			productReference = 6A0AB04F1EFFC48C0020271F /* CoreSwift_CarthageUITests.xctest */;
			productType = "com.apple.product-type.bundle.ui-testing";
		};
/* End PBXNativeTarget section */

/* Begin PBXProject section */
		6A0AB0281EFFC48C0020271F /* Project object */ = {
			isa = PBXProject;
			attributes = {
				LastSwiftUpdateCheck = 0830;
				LastUpgradeCheck = 0830;
				ORGANIZATIONNAME = "iOS Developer";
				TargetAttributes = {
					6A0AB02F1EFFC48C0020271F = {
						CreatedOnToolsVersion = 8.3.3;
						DevelopmentTeam = XC6P3RXJV8;
						ProvisioningStyle = Automatic;
					};
					6A0AB0431EFFC48C0020271F = {
						CreatedOnToolsVersion = 8.3.3;
						DevelopmentTeam = XC6P3RXJV8;
						ProvisioningStyle = Automatic;
						TestTargetID = 6A0AB02F1EFFC48C0020271F;
					};
					6A0AB04E1EFFC48C0020271F = {
						CreatedOnToolsVersion = 8.3.3;
						DevelopmentTeam = XC6P3RXJV8;
						ProvisioningStyle = Automatic;
						TestTargetID = 6A0AB02F1EFFC48C0020271F;
					};
				};
			};
			buildConfigurationList = 6A0AB02B1EFFC48C0020271F /* Build configuration list for PBXProject "CoreSwift_Carthage" */;
			compatibilityVersion = "Xcode 3.2";
			developmentRegion = English;
			hasScannedForEncodings = 0;
			knownRegions = (
				en,
				Base,
			);
			mainGroup = 6A0AB0271EFFC48C0020271F;
			productRefGroup = 6A0AB0311EFFC48C0020271F /* Products */;
			projectDirPath = "";
			projectRoot = "";
			targets = (
				6A0AB02F1EFFC48C0020271F /* CoreSwift_Carthage */,
				6A0AB0431EFFC48C0020271F /* CoreSwift_CarthageTests */,
				6A0AB04E1EFFC48C0020271F /* CoreSwift_CarthageUITests */,
			);
		};
/* End PBXProject section */

/* Begin PBXResourcesBuildPhase section */
		6A0AB02E1EFFC48C0020271F /* Resources */ = {
			isa = PBXResourcesBuildPhase;
			buildActionMask = 2147483647;
			files = (
				6A0AB03E1EFFC48C0020271F /* LaunchScreen.storyboard in Resources */,
				6A0AB03B1EFFC48C0020271F /* Assets.xcassets in Resources */,
				6A0AB0391EFFC48C0020271F /* Main.storyboard in Resources */,
			);
			runOnlyForDeploymentPostprocessing = 0;
		};
		6A0AB0421EFFC48C0020271F /* Resources */ = {
			isa = PBXResourcesBuildPhase;
			buildActionMask = 2147483647;
			files = (
			);
			runOnlyForDeploymentPostprocessing = 0;
		};
		6A0AB04D1EFFC48C0020271F /* Resources */ = {
			isa = PBXResourcesBuildPhase;
			buildActionMask = 2147483647;
			files = (
			);
			runOnlyForDeploymentPostprocessing = 0;
		};
/* End PBXResourcesBuildPhase section */

/* Begin PBXSourcesBuildPhase section */
		6A0AB02C1EFFC48C0020271F /* Sources */ = {
			isa = PBXSourcesBuildPhase;
			buildActionMask = 2147483647;
			files = (
				6A0AB0361EFFC48C0020271F /* ViewController.swift in Sources */,
				6A0AB0341EFFC48C0020271F /* AppDelegate.swift in Sources */,
			);
			runOnlyForDeploymentPostprocessing = 0;
		};
		6A0AB0401EFFC48C0020271F /* Sources */ = {
			isa = PBXSourcesBuildPhase;
			buildActionMask = 2147483647;
			files = (
				6A0AB0491EFFC48C0020271F /* CoreSwift_CarthageTests.swift in Sources */,
			);
			runOnlyForDeploymentPostprocessing = 0;
		};
		6A0AB04B1EFFC48C0020271F /* Sources */ = {
			isa = PBXSourcesBuildPhase;
			buildActionMask = 2147483647;
			files = (
				6A0AB0541EFFC48C0020271F /* CoreSwift_CarthageUITests.swift in Sources */,
			);
			runOnlyForDeploymentPostprocessing = 0;
		};
/* End PBXSourcesBuildPhase section */

/* Begin PBXTargetDependency section */
		6A0AB0461EFFC48C0020271F /* PBXTargetDependency */ = {
			isa = PBXTargetDependency;
			target = 6A0AB02F1EFFC48C0020271F /* CoreSwift_Carthage */;
			targetProxy = 6A0AB0451EFFC48C0020271F /* PBXContainerItemProxy */;
		};
		6A0AB0511EFFC48C0020271F /* PBXTargetDependency */ = {
			isa = PBXTargetDependency;
			target = 6A0AB02F1EFFC48C0020271F /* CoreSwift_Carthage */;
			targetProxy = 6A0AB0501EFFC48C0020271F /* PBXContainerItemProxy */;
		};
/* End PBXTargetDependency section */

/* Begin PBXVariantGroup section */
		6A0AB0371EFFC48C0020271F /* Main.storyboard */ = {
			isa = PBXVariantGroup;
			children = (
				6A0AB0381EFFC48C0020271F /* Base */,
			);
			name = Main.storyboard;
			sourceTree = "<group>";
		};
		6A0AB03C1EFFC48C0020271F /* LaunchScreen.storyboard */ = {
			isa = PBXVariantGroup;
			children = (
				6A0AB03D1EFFC48C0020271F /* Base */,
			);
			name = LaunchScreen.storyboard;
			sourceTree = "<group>";
		};
/* End PBXVariantGroup section */

/* Begin XCBuildConfiguration section */
		6A0AB0561EFFC48C0020271F /* Debug */ = {
			isa = XCBuildConfiguration;
			buildSettings = {
				ALWAYS_SEARCH_USER_PATHS = NO;
				CLANG_ANALYZER_NONNULL = YES;
				CLANG_ANALYZER_NUMBER_OBJECT_CONVERSION = YES_AGGRESSIVE;
				CLANG_CXX_LANGUAGE_STANDARD = "gnu++0x";
				CLANG_CXX_LIBRARY = "libc++";
				CLANG_ENABLE_MODULES = YES;
				CLANG_ENABLE_OBJC_ARC = YES;
				CLANG_WARN_BOOL_CONVERSION = YES;
				CLANG_WARN_CONSTANT_CONVERSION = YES;
				CLANG_WARN_DIRECT_OBJC_ISA_USAGE = YES_ERROR;
				CLANG_WARN_DOCUMENTATION_COMMENTS = YES;
				CLANG_WARN_EMPTY_BODY = YES;
				CLANG_WARN_ENUM_CONVERSION = YES;
				CLANG_WARN_INFINITE_RECURSION = YES;
				CLANG_WARN_INT_CONVERSION = YES;
				CLANG_WARN_OBJC_ROOT_CLASS = YES_ERROR;
				CLANG_WARN_SUSPICIOUS_MOVE = YES;
				CLANG_WARN_UNREACHABLE_CODE = YES;
				CLANG_WARN__DUPLICATE_METHOD_MATCH = YES;
				"CODE_SIGN_IDENTITY[sdk=iphoneos*]" = "iPhone Developer";
				COPY_PHASE_STRIP = NO;
				DEBUG_INFORMATION_FORMAT = dwarf;
				ENABLE_STRICT_OBJC_MSGSEND = YES;
				ENABLE_TESTABILITY = YES;
				GCC_C_LANGUAGE_STANDARD = gnu99;
				GCC_DYNAMIC_NO_PIC = NO;
				GCC_NO_COMMON_BLOCKS = YES;
				GCC_OPTIMIZATION_LEVEL = 0;
				GCC_PREPROCESSOR_DEFINITIONS = (
					"DEBUG=1",
					"$(inherited)",
				);
				GCC_WARN_64_TO_32_BIT_CONVERSION = YES;
				GCC_WARN_ABOUT_RETURN_TYPE = YES_ERROR;
				GCC_WARN_UNDECLARED_SELECTOR = YES;
				GCC_WARN_UNINITIALIZED_AUTOS = YES_AGGRESSIVE;
				GCC_WARN_UNUSED_FUNCTION = YES;
				GCC_WARN_UNUSED_VARIABLE = YES;
				IPHONEOS_DEPLOYMENT_TARGET = 10.3;
				MTL_ENABLE_DEBUG_INFO = YES;
				ONLY_ACTIVE_ARCH = YES;
				SDKROOT = iphoneos;
				SWIFT_ACTIVE_COMPILATION_CONDITIONS = DEBUG;
				SWIFT_OPTIMIZATION_LEVEL = "-Onone";
				TARGETED_DEVICE_FAMILY = "1,2";
			};
			name = Debug;
		};
		6A0AB0571EFFC48C0020271F /* Release */ = {
			isa = XCBuildConfiguration;
			buildSettings = {
				ALWAYS_SEARCH_USER_PATHS = NO;
				CLANG_ANALYZER_NONNULL = YES;
				CLANG_ANALYZER_NUMBER_OBJECT_CONVERSION = YES_AGGRESSIVE;
				CLANG_CXX_LANGUAGE_STANDARD = "gnu++0x";
				CLANG_CXX_LIBRARY = "libc++";
				CLANG_ENABLE_MODULES = YES;
				CLANG_ENABLE_OBJC_ARC = YES;
				CLANG_WARN_BOOL_CONVERSION = YES;
				CLANG_WARN_CONSTANT_CONVERSION = YES;
				CLANG_WARN_DIRECT_OBJC_ISA_USAGE = YES_ERROR;
				CLANG_WARN_DOCUMENTATION_COMMENTS = YES;
				CLANG_WARN_EMPTY_BODY = YES;
				CLANG_WARN_ENUM_CONVERSION = YES;
				CLANG_WARN_INFINITE_RECURSION = YES;
				CLANG_WARN_INT_CONVERSION = YES;
				CLANG_WARN_OBJC_ROOT_CLASS = YES_ERROR;
				CLANG_WARN_SUSPICIOUS_MOVE = YES;
				CLANG_WARN_UNREACHABLE_CODE = YES;
				CLANG_WARN__DUPLICATE_METHOD_MATCH = YES;
				"CODE_SIGN_IDENTITY[sdk=iphoneos*]" = "iPhone Developer";
				COPY_PHASE_STRIP = NO;
				DEBUG_INFORMATION_FORMAT = "dwarf-with-dsym";
				ENABLE_NS_ASSERTIONS = NO;
				ENABLE_STRICT_OBJC_MSGSEND = YES;
				GCC_C_LANGUAGE_STANDARD = gnu99;
				GCC_NO_COMMON_BLOCKS = YES;
				GCC_WARN_64_TO_32_BIT_CONVERSION = YES;
				GCC_WARN_ABOUT_RETURN_TYPE = YES_ERROR;
				GCC_WARN_UNDECLARED_SELECTOR = YES;
				GCC_WARN_UNINITIALIZED_AUTOS = YES_AGGRESSIVE;
				GCC_WARN_UNUSED_FUNCTION = YES;
				GCC_WARN_UNUSED_VARIABLE = YES;
				IPHONEOS_DEPLOYMENT_TARGET = 10.3;
				MTL_ENABLE_DEBUG_INFO = NO;
				SDKROOT = iphoneos;
				SWIFT_OPTIMIZATION_LEVEL = "-Owholemodule";
				TARGETED_DEVICE_FAMILY = "1,2";
				VALIDATE_PRODUCT = YES;
			};
			name = Release;
		};
		6A0AB0591EFFC48C0020271F /* Debug */ = {
			isa = XCBuildConfiguration;
			buildSettings = {
				ASSETCATALOG_COMPILER_APPICON_NAME = AppIcon;
				DEVELOPMENT_TEAM = XC6P3RXJV8;
				INFOPLIST_FILE = CoreSwift_Carthage/Info.plist;
				IPHONEOS_DEPLOYMENT_TARGET = 9.0;
				LD_RUNPATH_SEARCH_PATHS = "$(inherited) @executable_path/Frameworks";
				PRODUCT_BUNDLE_IDENTIFIER = "com.alp.CoreSwift-Carthage";
				PRODUCT_NAME = "$(TARGET_NAME)";
				SWIFT_VERSION = 3.0;
			};
			name = Debug;
		};
		6A0AB05A1EFFC48C0020271F /* Release */ = {
			isa = XCBuildConfiguration;
			buildSettings = {
				ASSETCATALOG_COMPILER_APPICON_NAME = AppIcon;
				DEVELOPMENT_TEAM = XC6P3RXJV8;
				INFOPLIST_FILE = CoreSwift_Carthage/Info.plist;
				IPHONEOS_DEPLOYMENT_TARGET = 9.0;
				LD_RUNPATH_SEARCH_PATHS = "$(inherited) @executable_path/Frameworks";
				PRODUCT_BUNDLE_IDENTIFIER = "com.alp.CoreSwift-Carthage";
				PRODUCT_NAME = "$(TARGET_NAME)";
				SWIFT_VERSION = 3.0;
			};
			name = Release;
		};
		6A0AB05C1EFFC48C0020271F /* Debug */ = {
			isa = XCBuildConfiguration;
			buildSettings = {
				ALWAYS_EMBED_SWIFT_STANDARD_LIBRARIES = YES;
				BUNDLE_LOADER = "$(TEST_HOST)";
				DEVELOPMENT_TEAM = XC6P3RXJV8;
				INFOPLIST_FILE = CoreSwift_CarthageTests/Info.plist;
				LD_RUNPATH_SEARCH_PATHS = "$(inherited) @executable_path/Frameworks @loader_path/Frameworks";
				PRODUCT_BUNDLE_IDENTIFIER = "com.alp.CoreSwift-CarthageTests";
				PRODUCT_NAME = "$(TARGET_NAME)";
				SWIFT_VERSION = 3.0;
				TEST_HOST = "$(BUILT_PRODUCTS_DIR)/CoreSwift_Carthage.app/CoreSwift_Carthage";
			};
			name = Debug;
		};
		6A0AB05D1EFFC48C0020271F /* Release */ = {
			isa = XCBuildConfiguration;
			buildSettings = {
				ALWAYS_EMBED_SWIFT_STANDARD_LIBRARIES = YES;
				BUNDLE_LOADER = "$(TEST_HOST)";
				DEVELOPMENT_TEAM = XC6P3RXJV8;
				INFOPLIST_FILE = CoreSwift_CarthageTests/Info.plist;
				LD_RUNPATH_SEARCH_PATHS = "$(inherited) @executable_path/Frameworks @loader_path/Frameworks";
				PRODUCT_BUNDLE_IDENTIFIER = "com.alp.CoreSwift-CarthageTests";
				PRODUCT_NAME = "$(TARGET_NAME)";
				SWIFT_VERSION = 3.0;
				TEST_HOST = "$(BUILT_PRODUCTS_DIR)/CoreSwift_Carthage.app/CoreSwift_Carthage";
			};
			name = Release;
		};
		6A0AB05F1EFFC48C0020271F /* Debug */ = {
			isa = XCBuildConfiguration;
			buildSettings = {
				ALWAYS_EMBED_SWIFT_STANDARD_LIBRARIES = YES;
				DEVELOPMENT_TEAM = XC6P3RXJV8;
				INFOPLIST_FILE = CoreSwift_CarthageUITests/Info.plist;
				LD_RUNPATH_SEARCH_PATHS = "$(inherited) @executable_path/Frameworks @loader_path/Frameworks";
				PRODUCT_BUNDLE_IDENTIFIER = "com.alp.CoreSwift-CarthageUITests";
				PRODUCT_NAME = "$(TARGET_NAME)";
				SWIFT_VERSION = 3.0;
				TEST_TARGET_NAME = CoreSwift_Carthage;
			};
			name = Debug;
		};
		6A0AB0601EFFC48C0020271F /* Release */ = {
			isa = XCBuildConfiguration;
			buildSettings = {
				ALWAYS_EMBED_SWIFT_STANDARD_LIBRARIES = YES;
				DEVELOPMENT_TEAM = XC6P3RXJV8;
				INFOPLIST_FILE = CoreSwift_CarthageUITests/Info.plist;
				LD_RUNPATH_SEARCH_PATHS = "$(inherited) @executable_path/Frameworks @loader_path/Frameworks";
				PRODUCT_BUNDLE_IDENTIFIER = "com.alp.CoreSwift-CarthageUITests";
				PRODUCT_NAME = "$(TARGET_NAME)";
				SWIFT_VERSION = 3.0;
				TEST_TARGET_NAME = CoreSwift_Carthage;
			};
			name = Release;
		};
/* End XCBuildConfiguration section */

/* Begin XCConfigurationList section */
		6A0AB02B1EFFC48C0020271F /* Build configuration list for PBXProject "CoreSwift_Carthage" */ = {
			isa = XCConfigurationList;
			buildConfigurations = (
				6A0AB0561EFFC48C0020271F /* Debug */,
				6A0AB0571EFFC48C0020271F /* Release */,
			);
			defaultConfigurationIsVisible = 0;
			defaultConfigurationName = Release;
		};
		6A0AB0581EFFC48C0020271F /* Build configuration list for PBXNativeTarget "CoreSwift_Carthage" */ = {
			isa = XCConfigurationList;
			buildConfigurations = (
				6A0AB0591EFFC48C0020271F /* Debug */,
				6A0AB05A1EFFC48C0020271F /* Release */,
			);
			defaultConfigurationIsVisible = 0;
		};
		6A0AB05B1EFFC48C0020271F /* Build configuration list for PBXNativeTarget "CoreSwift_CarthageTests" */ = {
			isa = XCConfigurationList;
			buildConfigurations = (
				6A0AB05C1EFFC48C0020271F /* Debug */,
				6A0AB05D1EFFC48C0020271F /* Release */,
			);
			defaultConfigurationIsVisible = 0;
		};
		6A0AB05E1EFFC48C0020271F /* Build configuration list for PBXNativeTarget "CoreSwift_CarthageUITests" */ = {
			isa = XCConfigurationList;
			buildConfigurations = (
				6A0AB05F1EFFC48C0020271F /* Debug */,
				6A0AB0601EFFC48C0020271F /* Release */,
			);
			defaultConfigurationIsVisible = 0;
		};
/* End XCConfigurationList section */
	};
	rootObject = 6A0AB0281EFFC48C0020271F /* Project object */;
}
